// !$*UTF8*$!
{
	archiveVersion = 1;
	classes = {
	};
	objectVersion = 46;
	objects = {

/* Begin PBXBuildFile section */
		EAEA845E1D8A1C0200F63F90 /* SuperDelegate.framework in Frameworks */ = {isa = PBXBuildFile; fileRef = EAECD1BB1D0CAC07008BB9F5 /* SuperDelegate.framework */; };
		EAEA845F1D8A1C0200F63F90 /* SuperDelegate.framework in Embed Frameworks */ = {isa = PBXBuildFile; fileRef = EAECD1BB1D0CAC07008BB9F5 /* SuperDelegate.framework */; settings = {ATTRIBUTES = (CodeSignOnCopy, RemoveHeadersOnCopy, ); }; };
		EAECD1A41D0CABFD008BB9F5 /* AppDelegate.swift in Sources */ = {isa = PBXBuildFile; fileRef = EAECD1A31D0CABFD008BB9F5 /* AppDelegate.swift */; };
		EAECD1A61D0CABFD008BB9F5 /* ViewController.swift in Sources */ = {isa = PBXBuildFile; fileRef = EAECD1A51D0CABFD008BB9F5 /* ViewController.swift */; };
		EAECD1AB1D0CABFD008BB9F5 /* Assets.xcassets in Resources */ = {isa = PBXBuildFile; fileRef = EAECD1AA1D0CABFD008BB9F5 /* Assets.xcassets */; };
/* End PBXBuildFile section */

/* Begin PBXContainerItemProxy section */
		EAEA84601D8A1C0200F63F90 /* PBXContainerItemProxy */ = {
			isa = PBXContainerItemProxy;
			containerPortal = EAECD1B51D0CAC07008BB9F5 /* SuperDelegate.xcodeproj */;
			proxyType = 1;
			remoteGlobalIDString = EA65F98D1CBF06EB00CBA8E3;
			remoteInfo = SuperDelegate;
		};
		EAECD1BA1D0CAC07008BB9F5 /* PBXContainerItemProxy */ = {
			isa = PBXContainerItemProxy;
			containerPortal = EAECD1B51D0CAC07008BB9F5 /* SuperDelegate.xcodeproj */;
			proxyType = 2;
			remoteGlobalIDString = EA65F98E1CBF06EB00CBA8E3;
			remoteInfo = SuperDelegate;
		};
		EAECD1BC1D0CAC07008BB9F5 /* PBXContainerItemProxy */ = {
			isa = PBXContainerItemProxy;
			containerPortal = EAECD1B51D0CAC07008BB9F5 /* SuperDelegate.xcodeproj */;
			proxyType = 2;
			remoteGlobalIDString = EA65F9981CBF06EB00CBA8E3;
			remoteInfo = SuperDelegateTests;
		};
/* End PBXContainerItemProxy section */

/* Begin PBXCopyFilesBuildPhase section */
		EAEA84621D8A1C0200F63F90 /* Embed Frameworks */ = {
			isa = PBXCopyFilesBuildPhase;
			buildActionMask = 2147483647;
			dstPath = "";
			dstSubfolderSpec = 10;
			files = (
				EAEA845F1D8A1C0200F63F90 /* SuperDelegate.framework in Embed Frameworks */,
			);
			name = "Embed Frameworks";
			runOnlyForDeploymentPostprocessing = 0;
		};
/* End PBXCopyFilesBuildPhase section */

/* Begin PBXFileReference section */
		EAECD1A01D0CABFD008BB9F5 /* SampleDelegate.app */ = {isa = PBXFileReference; explicitFileType = wrapper.application; includeInIndex = 0; path = SampleDelegate.app; sourceTree = BUILT_PRODUCTS_DIR; };
		EAECD1A31D0CABFD008BB9F5 /* AppDelegate.swift */ = {isa = PBXFileReference; lastKnownFileType = sourcecode.swift; path = AppDelegate.swift; sourceTree = "<group>"; };
		EAECD1A51D0CABFD008BB9F5 /* ViewController.swift */ = {isa = PBXFileReference; lastKnownFileType = sourcecode.swift; path = ViewController.swift; sourceTree = "<group>"; };
		EAECD1AA1D0CABFD008BB9F5 /* Assets.xcassets */ = {isa = PBXFileReference; lastKnownFileType = folder.assetcatalog; path = Assets.xcassets; sourceTree = "<group>"; };
		EAECD1AF1D0CABFD008BB9F5 /* Info.plist */ = {isa = PBXFileReference; lastKnownFileType = text.plist.xml; path = Info.plist; sourceTree = "<group>"; };
		EAECD1B51D0CAC07008BB9F5 /* SuperDelegate.xcodeproj */ = {isa = PBXFileReference; lastKnownFileType = "wrapper.pb-project"; name = SuperDelegate.xcodeproj; path = ../../SuperDelegate.xcodeproj; sourceTree = "<group>"; };
/* End PBXFileReference section */

/* Begin PBXFrameworksBuildPhase section */
		EAECD19D1D0CABFD008BB9F5 /* Frameworks */ = {
			isa = PBXFrameworksBuildPhase;
			buildActionMask = 2147483647;
			files = (
				EAEA845E1D8A1C0200F63F90 /* SuperDelegate.framework in Frameworks */,
			);
			runOnlyForDeploymentPostprocessing = 0;
		};
/* End PBXFrameworksBuildPhase section */

/* Begin PBXGroup section */
		EAECD1971D0CABFD008BB9F5 = {
			isa = PBXGroup;
			children = (
				EAECD1A21D0CABFD008BB9F5 /* SampleDelegate */,
				EAECD1A11D0CABFD008BB9F5 /* Products */,
				EAECD1B51D0CAC07008BB9F5 /* SuperDelegate.xcodeproj */,
			);
			sourceTree = "<group>";
		};
		EAECD1A11D0CABFD008BB9F5 /* Products */ = {
			isa = PBXGroup;
			children = (
				EAECD1A01D0CABFD008BB9F5 /* SampleDelegate.app */,
			);
			name = Products;
			sourceTree = "<group>";
		};
		EAECD1A21D0CABFD008BB9F5 /* SampleDelegate */ = {
			isa = PBXGroup;
			children = (
				EAECD1A31D0CABFD008BB9F5 /* AppDelegate.swift */,
				EAECD1A51D0CABFD008BB9F5 /* ViewController.swift */,
				EAECD1AA1D0CABFD008BB9F5 /* Assets.xcassets */,
				EAECD1AF1D0CABFD008BB9F5 /* Info.plist */,
			);
			path = SampleDelegate;
			sourceTree = "<group>";
		};
		EAECD1B61D0CAC07008BB9F5 /* Products */ = {
			isa = PBXGroup;
			children = (
				EAECD1BB1D0CAC07008BB9F5 /* SuperDelegate.framework */,
				EAECD1BD1D0CAC07008BB9F5 /* SuperDelegateTests.xctest */,
			);
			name = Products;
			sourceTree = "<group>";
		};
/* End PBXGroup section */

/* Begin PBXNativeTarget section */
		EAECD19F1D0CABFD008BB9F5 /* SampleDelegate */ = {
			isa = PBXNativeTarget;
			buildConfigurationList = EAECD1B21D0CABFD008BB9F5 /* Build configuration list for PBXNativeTarget "SampleDelegate" */;
			buildPhases = (
				EAECD19C1D0CABFD008BB9F5 /* Sources */,
				EAECD19D1D0CABFD008BB9F5 /* Frameworks */,
				EAECD19E1D0CABFD008BB9F5 /* Resources */,
				EAEA84621D8A1C0200F63F90 /* Embed Frameworks */,
			);
			buildRules = (
			);
			dependencies = (
				EAEA84611D8A1C0200F63F90 /* PBXTargetDependency */,
			);
			name = SampleDelegate;
			productName = SampleDelegate;
			productReference = EAECD1A01D0CABFD008BB9F5 /* SampleDelegate.app */;
			productType = "com.apple.product-type.application";
		};
/* End PBXNativeTarget section */

/* Begin PBXProject section */
		EAECD1981D0CABFD008BB9F5 /* Project object */ = {
			isa = PBXProject;
			attributes = {
				LastSwiftUpdateCheck = 0730;
				LastUpgradeCheck = 0800;
				ORGANIZATIONNAME = "Square, Inc.";
				TargetAttributes = {
					EAECD19F1D0CABFD008BB9F5 = {
						CreatedOnToolsVersion = 7.3.1;
						LastSwiftMigration = 0800;
					};
				};
			};
			buildConfigurationList = EAECD19B1D0CABFD008BB9F5 /* Build configuration list for PBXProject "SampleDelegate" */;
			compatibilityVersion = "Xcode 3.2";
			developmentRegion = English;
			hasScannedForEncodings = 0;
			knownRegions = (
				en,
				Base,
			);
			mainGroup = EAECD1971D0CABFD008BB9F5;
			productRefGroup = EAECD1A11D0CABFD008BB9F5 /* Products */;
			projectDirPath = "";
			projectReferences = (
				{
					ProductGroup = EAECD1B61D0CAC07008BB9F5 /* Products */;
					ProjectRef = EAECD1B51D0CAC07008BB9F5 /* SuperDelegate.xcodeproj */;
				},
			);
			projectRoot = "";
			targets = (
				EAECD19F1D0CABFD008BB9F5 /* SampleDelegate */,
			);
		};
/* End PBXProject section */

/* Begin PBXReferenceProxy section */
		EAECD1BB1D0CAC07008BB9F5 /* SuperDelegate.framework */ = {
			isa = PBXReferenceProxy;
			fileType = wrapper.framework;
			path = SuperDelegate.framework;
			remoteRef = EAECD1BA1D0CAC07008BB9F5 /* PBXContainerItemProxy */;
			sourceTree = BUILT_PRODUCTS_DIR;
		};
		EAECD1BD1D0CAC07008BB9F5 /* SuperDelegateTests.xctest */ = {
			isa = PBXReferenceProxy;
			fileType = wrapper.cfbundle;
			path = SuperDelegateTests.xctest;
			remoteRef = EAECD1BC1D0CAC07008BB9F5 /* PBXContainerItemProxy */;
			sourceTree = BUILT_PRODUCTS_DIR;
		};
/* End PBXReferenceProxy section */

/* Begin PBXResourcesBuildPhase section */
		EAECD19E1D0CABFD008BB9F5 /* Resources */ = {
			isa = PBXResourcesBuildPhase;
			buildActionMask = 2147483647;
			files = (
				EAECD1AB1D0CABFD008BB9F5 /* Assets.xcassets in Resources */,
			);
			runOnlyForDeploymentPostprocessing = 0;
		};
/* End PBXResourcesBuildPhase section */

/* Begin PBXSourcesBuildPhase section */
		EAECD19C1D0CABFD008BB9F5 /* Sources */ = {
			isa = PBXSourcesBuildPhase;
			buildActionMask = 2147483647;
			files = (
				EAECD1A61D0CABFD008BB9F5 /* ViewController.swift in Sources */,
				EAECD1A41D0CABFD008BB9F5 /* AppDelegate.swift in Sources */,
			);
			runOnlyForDeploymentPostprocessing = 0;
		};
/* End PBXSourcesBuildPhase section */

/* Begin PBXTargetDependency section */
		EAEA84611D8A1C0200F63F90 /* PBXTargetDependency */ = {
			isa = PBXTargetDependency;
			name = SuperDelegate;
			targetProxy = EAEA84601D8A1C0200F63F90 /* PBXContainerItemProxy */;
		};
/* End PBXTargetDependency section */

/* Begin XCBuildConfiguration section */
		EAECD1B01D0CABFD008BB9F5 /* Debug */ = {
			isa = XCBuildConfiguration;
			buildSettings = {
				ALWAYS_SEARCH_USER_PATHS = NO;
				CLANG_ANALYZER_NONNULL = YES;
				CLANG_CXX_LANGUAGE_STANDARD = "gnu++0x";
				CLANG_CXX_LIBRARY = "libc++";
				CLANG_ENABLE_MODULES = YES;
				CLANG_ENABLE_OBJC_ARC = YES;
				CLANG_WARN_BOOL_CONVERSION = YES;
				CLANG_WARN_CONSTANT_CONVERSION = YES;
				CLANG_WARN_DIRECT_OBJC_ISA_USAGE = YES_ERROR;
				CLANG_WARN_EMPTY_BODY = YES;
				CLANG_WARN_ENUM_CONVERSION = YES;
				CLANG_WARN_INFINITE_RECURSION = YES;
				CLANG_WARN_INT_CONVERSION = YES;
				CLANG_WARN_OBJC_ROOT_CLASS = YES_ERROR;
				CLANG_WARN_SUSPICIOUS_MOVE = YES;
				CLANG_WARN_UNREACHABLE_CODE = YES;
				CLANG_WARN__DUPLICATE_METHOD_MATCH = YES;
				"CODE_SIGN_IDENTITY[sdk=iphoneos*]" = "iPhone Developer";
				COPY_PHASE_STRIP = NO;
				DEBUG_INFORMATION_FORMAT = dwarf;
				ENABLE_STRICT_OBJC_MSGSEND = YES;
				ENABLE_TESTABILITY = YES;
				GCC_C_LANGUAGE_STANDARD = gnu99;
				GCC_DYNAMIC_NO_PIC = NO;
				GCC_NO_COMMON_BLOCKS = YES;
				GCC_OPTIMIZATION_LEVEL = 0;
				GCC_PREPROCESSOR_DEFINITIONS = (
					"DEBUG=1",
					"$(inherited)",
				);
				GCC_WARN_64_TO_32_BIT_CONVERSION = YES;
				GCC_WARN_ABOUT_RETURN_TYPE = YES_ERROR;
				GCC_WARN_UNDECLARED_SELECTOR = YES;
				GCC_WARN_UNINITIALIZED_AUTOS = YES_AGGRESSIVE;
				GCC_WARN_UNUSED_FUNCTION = YES;
				GCC_WARN_UNUSED_VARIABLE = YES;
				IPHONEOS_DEPLOYMENT_TARGET = 9.3;
				MTL_ENABLE_DEBUG_INFO = YES;
				ONLY_ACTIVE_ARCH = YES;
				SDKROOT = iphoneos;
				SWIFT_OPTIMIZATION_LEVEL = "-Onone";
				SWIFT_VERSION = 3.0;
			};
			name = Debug;
		};
		EAECD1B11D0CABFD008BB9F5 /* Release */ = {
			isa = XCBuildConfiguration;
			buildSettings = {
				ALWAYS_SEARCH_USER_PATHS = NO;
				CLANG_ANALYZER_NONNULL = YES;
				CLANG_CXX_LANGUAGE_STANDARD = "gnu++0x";
				CLANG_CXX_LIBRARY = "libc++";
				CLANG_ENABLE_MODULES = YES;
				CLANG_ENABLE_OBJC_ARC = YES;
				CLANG_WARN_BOOL_CONVERSION = YES;
				CLANG_WARN_CONSTANT_CONVERSION = YES;
				CLANG_WARN_DIRECT_OBJC_ISA_USAGE = YES_ERROR;
				CLANG_WARN_EMPTY_BODY = YES;
				CLANG_WARN_ENUM_CONVERSION = YES;
				CLANG_WARN_INFINITE_RECURSION = YES;
				CLANG_WARN_INT_CONVERSION = YES;
				CLANG_WARN_OBJC_ROOT_CLASS = YES_ERROR;
				CLANG_WARN_SUSPICIOUS_MOVE = YES;
				CLANG_WARN_UNREACHABLE_CODE = YES;
				CLANG_WARN__DUPLICATE_METHOD_MATCH = YES;
				"CODE_SIGN_IDENTITY[sdk=iphoneos*]" = "iPhone Developer";
				COPY_PHASE_STRIP = NO;
				DEBUG_INFORMATION_FORMAT = "dwarf-with-dsym";
				ENABLE_NS_ASSERTIONS = NO;
				ENABLE_STRICT_OBJC_MSGSEND = YES;
				GCC_C_LANGUAGE_STANDARD = gnu99;
				GCC_NO_COMMON_BLOCKS = YES;
				GCC_WARN_64_TO_32_BIT_CONVERSION = YES;
				GCC_WARN_ABOUT_RETURN_TYPE = YES_ERROR;
				GCC_WARN_UNDECLARED_SELECTOR = YES;
				GCC_WARN_UNINITIALIZED_AUTOS = YES_AGGRESSIVE;
				GCC_WARN_UNUSED_FUNCTION = YES;
				GCC_WARN_UNUSED_VARIABLE = YES;
				IPHONEOS_DEPLOYMENT_TARGET = 9.3;
				MTL_ENABLE_DEBUG_INFO = NO;
				SDKROOT = iphoneos;
				SWIFT_VERSION = 3.0;
				VALIDATE_PRODUCT = YES;
			};
			name = Release;
		};
		EAECD1B31D0CABFD008BB9F5 /* Debug */ = {
			isa = XCBuildConfiguration;
			buildSettings = {
				ALWAYS_EMBED_SWIFT_STANDARD_LIBRARIES = YES;
				ASSETCATALOG_COMPILER_APPICON_NAME = AppIcon;
				INFOPLIST_FILE = SampleDelegate/Info.plist;
				LD_RUNPATH_SEARCH_PATHS = "$(inherited) @executable_path/Frameworks";
				PRODUCT_BUNDLE_IDENTIFIER = com.squareup.SampleDelegate;
				PRODUCT_NAME = "$(TARGET_NAME)";
				SWIFT_VERSION = 3.0;
			};
			name = Debug;
		};
		EAECD1B41D0CABFD008BB9F5 /* Release */ = {
			isa = XCBuildConfiguration;
			buildSettings = {
				ALWAYS_EMBED_SWIFT_STANDARD_LIBRARIES = YES;
				ASSETCATALOG_COMPILER_APPICON_NAME = AppIcon;
				INFOPLIST_FILE = SampleDelegate/Info.plist;
				LD_RUNPATH_SEARCH_PATHS = "$(inherited) @executable_path/Frameworks";
				PRODUCT_BUNDLE_IDENTIFIER = com.squareup.SampleDelegate;
				PRODUCT_NAME = "$(TARGET_NAME)";
				SWIFT_OPTIMIZATION_LEVEL = "-Owholemodule";
				SWIFT_VERSION = 3.0;
			};
			name = Release;
		};
/* End XCBuildConfiguration section */

/* Begin XCConfigurationList section */
		EAECD19B1D0CABFD008BB9F5 /* Build configuration list for PBXProject "SampleDelegate" */ = {
			isa = XCConfigurationList;
			buildConfigurations = (
				EAECD1B01D0CABFD008BB9F5 /* Debug */,
				EAECD1B11D0CABFD008BB9F5 /* Release */,
			);
			defaultConfigurationIsVisible = 0;
			defaultConfigurationName = Release;
		};
		EAECD1B21D0CABFD008BB9F5 /* Build configuration list for PBXNativeTarget "SampleDelegate" */ = {
			isa = XCConfigurationList;
			buildConfigurations = (
				EAECD1B31D0CABFD008BB9F5 /* Debug */,
				EAECD1B41D0CABFD008BB9F5 /* Release */,
			);
			defaultConfigurationIsVisible = 0;
			defaultConfigurationName = Release;
		};
/* End XCConfigurationList section */
	};
	rootObject = EAECD1981D0CABFD008BB9F5 /* Project object */;
}
